
Microsoft Visual Studio Solution File, Format Version 12.00
# Visual Studio Version 17
VisualStudioVersion = 17.0.32014.148
MinimumVisualStudioVersion = 10.0.40219.1
Project("{FAE04EC0-301F-11D3-BF4B-00C04F79EFBC}") = "BOE DDC Tool", "BOE DDC Tool\BOE DDC Tool.csproj", "{E7AF680B-F848-472C-AA80-D205515C9E8F}"
EndProject
Project("{FAE04EC0-301F-11D3-BF4B-00C04F79EFBC}") = "BOE EDID Tool", "BOE EDID Tool\BOE EDID Tool.csproj", "{F1A8A728-E999-4741-B43A-AC96E2A5D5F3}"
EndProject
Global
	GlobalSection(SolutionConfigurationPlatforms) = preSolution
		Debug|Any CPU = Debug|Any CPU
		Release|Any CPU = Release|Any CPU
	EndGlobalSection
	GlobalSection(ProjectConfigurationPlatforms) = postSolution
		{E7AF680B-F848-472C-AA80-D205515C9E8F}.Debug|Any CPU.ActiveCfg = Debug|Any CPU
		{E7AF680B-F848-472C-AA80-D205515C9E8F}.Debug|Any CPU.Build.0 = Debug|Any CPU
		{E7AF680B-F848-472C-AA80-D205515C9E8F}.Release|Any CPU.ActiveCfg = Release|Any CPU
		{E7AF680B-F848-472C-AA80-D205515C9E8F}.Release|Any CPU.Build.0 = Release|Any CPU
		{F1A8A728-E999-4741-B43A-AC96E2A5D5F3}.Debug|Any CPU.ActiveCfg = Debug|Any CPU
		{F1A8A728-E999-4741-B43A-AC96E2A5D5F3}.Debug|Any CPU.Build.0 = Debug|Any CPU
		{F1A8A728-E999-4741-B43A-AC96E2A5D5F3}.Release|Any CPU.ActiveCfg = Release|Any CPU
		{F1A8A728-E999-4741-B43A-AC96E2A5D5F3}.Release|Any CPU.Build.0 = Release|Any CPU
	EndGlobalSection
	GlobalSection(SolutionProperties) = preSolution
		HideSolutionNode = FALSE
	EndGlobalSection
	GlobalSection(ExtensibilityGlobals) = postSolution
		SolutionGuid = {FC6FD0AB-EB58-443E-8090-59BEF4DA1917}
	EndGlobalSection
EndGlobal
